{
  "name": "blz-one-firebase",
  "version": "1.0.0",
  "lockfileVersion": 3,
  "requires": true,
  "packages": {
    "": {
      "name": "blz-one-firebase",
      "version": "1.0.0",
      "license": "MIT",
      "dependencies": {
        "blz-fire": "^2.0.4"
      }
    },
    "node_modules/blz-fire": {
      "version": "2.0.4",
      "resolved": "https://registry.npmjs.org/blz-fire/-/blz-fire-2.0.4.tgz",
      "integrity": "sha512-9FSAD3YMoeFaHhlSaQTAJafN4frRDMlAiYNAclWZmKx4pOqwI3nYax6vCtsvaK4zfJJ8p7PrzI9T3XDXRERH/w==",
      "license": "MIT"
    }
  }
}
